
Microsoft Visual Studio Solution File, Format Version 12.00
# Visual Studio Version 17
VisualStudioVersion = 17.11.35303.130
MinimumVisualStudioVersion = 10.0.40219.1
Project("{FAE04EC0-301F-11D3-BF4B-00C04F79EFBC}") = "ItemDB", "DatchikDB\ItemDB.csproj", "{3BBF2DAE-3F01-438E-9C97-6074416F8B48}"
EndProject
Global
	GlobalSection(SolutionConfigurationPlatforms) = preSolution
		Debug|Any CPU = Debug|Any CPU
		Release|Any CPU = Release|Any CPU
	EndGlobalSection
	GlobalSection(ProjectConfigurationPlatforms) = postSolution
		{3BBF2DAE-3F01-438E-9C97-6074416F8B48}.Debug|Any CPU.ActiveCfg = Debug|Any CPU
		{3BBF2DAE-3F01-438E-9C97-6074416F8B48}.Debug|Any CPU.Build.0 = Debug|Any CPU
		{3BBF2DAE-3F01-438E-9C97-6074416F8B48}.Release|Any CPU.ActiveCfg = Release|Any CPU
		{3BBF2DAE-3F01-438E-9C97-6074416F8B48}.Release|Any CPU.Build.0 = Release|Any CPU
	EndGlobalSection
	GlobalSection(SolutionProperties) = preSolution
		HideSolutionNode = FALSE
	EndGlobalSection
	GlobalSection(ExtensibilityGlobals) = postSolution
		SolutionGuid = {D7041B84-B550-4506-83D1-E30ABC5B7310}
	EndGlobalSection
EndGlobal
